
Microsoft Visual Studio Solution File, Format Version 12.00
# Visual Studio Version 17
VisualStudioVersion = 17.14.36518.9
MinimumVisualStudioVersion = 10.0.40219.1
Project("{FAE04EC0-301F-11D3-BF4B-00C04F79EFBC}") = "Gir.Vns", "src\Gir.Vns\Gir.Vns.csproj", "{4D2CA4CB-CC3D-4B7F-911D-B60E7F5D528A}"
EndProject
Project("{FAE04EC0-301F-11D3-BF4B-00C04F79EFBC}") = "Step.Lib", "src\Step.Lib\Step.Lib.csproj", "{CBDD87CC-7889-4C63-8AFF-B114711BD425}"
EndProject
Project("{FAE04EC0-301F-11D3-BF4B-00C04F79EFBC}") = "Step02.PkpKp.Api", "src\Step02.PkpKp.Api\Step02.PkpKp.Api.csproj", "{D589BE32-90C2-40EF-A6E4-08B7896869BD}"
EndProject
Global
	GlobalSection(SolutionConfigurationPlatforms) = preSolution
		Debug|Any CPU = Debug|Any CPU
		Release|Any CPU = Release|Any CPU
	EndGlobalSection
	GlobalSection(ProjectConfigurationPlatforms) = postSolution
		{4D2CA4CB-CC3D-4B7F-911D-B60E7F5D528A}.Debug|Any CPU.ActiveCfg = Debug|Any CPU
		{4D2CA4CB-CC3D-4B7F-911D-B60E7F5D528A}.Debug|Any CPU.Build.0 = Debug|Any CPU
		{4D2CA4CB-CC3D-4B7F-911D-B60E7F5D528A}.Release|Any CPU.ActiveCfg = Release|Any CPU
		{4D2CA4CB-CC3D-4B7F-911D-B60E7F5D528A}.Release|Any CPU.Build.0 = Release|Any CPU
		{CBDD87CC-7889-4C63-8AFF-B114711BD425}.Debug|Any CPU.ActiveCfg = Debug|Any CPU
		{CBDD87CC-7889-4C63-8AFF-B114711BD425}.Debug|Any CPU.Build.0 = Debug|Any CPU
		{CBDD87CC-7889-4C63-8AFF-B114711BD425}.Release|Any CPU.ActiveCfg = Release|Any CPU
		{CBDD87CC-7889-4C63-8AFF-B114711BD425}.Release|Any CPU.Build.0 = Release|Any CPU
		{D589BE32-90C2-40EF-A6E4-08B7896869BD}.Debug|Any CPU.ActiveCfg = Debug|Any CPU
		{D589BE32-90C2-40EF-A6E4-08B7896869BD}.Debug|Any CPU.Build.0 = Debug|Any CPU
		{D589BE32-90C2-40EF-A6E4-08B7896869BD}.Release|Any CPU.ActiveCfg = Release|Any CPU
		{D589BE32-90C2-40EF-A6E4-08B7896869BD}.Release|Any CPU.Build.0 = Release|Any CPU
	EndGlobalSection
	GlobalSection(SolutionProperties) = preSolution
		HideSolutionNode = FALSE
	EndGlobalSection
	GlobalSection(ExtensibilityGlobals) = postSolution
		SolutionGuid = {957CD8E3-9C11-4826-9B35-006F1B300F66}
	EndGlobalSection
EndGlobal
